
Microsoft Visual Studio Solution File, Format Version 12.00
# Visual Studio 14
VisualStudioVersion = 14.0.25420.1
MinimumVisualStudioVersion = 10.0.40219.1
Project("{FAE04EC0-301F-11D3-BF4B-00C04F79EFBC}") = "ChallengePapaBobsSi", "ChallengePapaBobsSi\ChallengePapaBobsSi.csproj", "{D974E4ED-360A-4C65-BA6D-CA4B8E48D78B}"
EndProject
Project("{FAE04EC0-301F-11D3-BF4B-00C04F79EFBC}") = "ChallengePapaBobsSi.Persistence", "ChallengePapaBobsSi.Persistence\ChallengePapaBobsSi.Persistence.csproj", "{FC3D503D-2442-4C52-9896-682D76CFCABB}"
EndProject
Project("{FAE04EC0-301F-11D3-BF4B-00C04F79EFBC}") = "ChallengePapaBobsSi.DTO", "ChallengePapaBobSi.DTO\ChallengePapaBobsSi.DTO.csproj", "{C0938E3D-A113-4BDB-95A9-6FB848AFDDD5}"
EndProject
Project("{FAE04EC0-301F-11D3-BF4B-00C04F79EFBC}") = "ChallengePapaBobsSi.Domain", "ChallengePapaBobSi.Domain\ChallengePapaBobsSi.Domain.csproj", "{16C7B307-D08D-459D-8780-D0C5CA847F26}"
EndProject
Global
	GlobalSection(SolutionConfigurationPlatforms) = preSolution
		Debug|Any CPU = Debug|Any CPU
		Release|Any CPU = Release|Any CPU
	EndGlobalSection
	GlobalSection(ProjectConfigurationPlatforms) = postSolution
		{D974E4ED-360A-4C65-BA6D-CA4B8E48D78B}.Debug|Any CPU.ActiveCfg = Debug|Any CPU
		{D974E4ED-360A-4C65-BA6D-CA4B8E48D78B}.Debug|Any CPU.Build.0 = Debug|Any CPU
		{D974E4ED-360A-4C65-BA6D-CA4B8E48D78B}.Release|Any CPU.ActiveCfg = Release|Any CPU
		{D974E4ED-360A-4C65-BA6D-CA4B8E48D78B}.Release|Any CPU.Build.0 = Release|Any CPU
		{FC3D503D-2442-4C52-9896-682D76CFCABB}.Debug|Any CPU.ActiveCfg = Debug|Any CPU
		{FC3D503D-2442-4C52-9896-682D76CFCABB}.Debug|Any CPU.Build.0 = Debug|Any CPU
		{FC3D503D-2442-4C52-9896-682D76CFCABB}.Release|Any CPU.ActiveCfg = Release|Any CPU
		{FC3D503D-2442-4C52-9896-682D76CFCABB}.Release|Any CPU.Build.0 = Release|Any CPU
		{C0938E3D-A113-4BDB-95A9-6FB848AFDDD5}.Debug|Any CPU.ActiveCfg = Debug|Any CPU
		{C0938E3D-A113-4BDB-95A9-6FB848AFDDD5}.Debug|Any CPU.Build.0 = Debug|Any CPU
		{C0938E3D-A113-4BDB-95A9-6FB848AFDDD5}.Release|Any CPU.ActiveCfg = Release|Any CPU
		{C0938E3D-A113-4BDB-95A9-6FB848AFDDD5}.Release|Any CPU.Build.0 = Release|Any CPU
		{16C7B307-D08D-459D-8780-D0C5CA847F26}.Debug|Any CPU.ActiveCfg = Debug|Any CPU
		{16C7B307-D08D-459D-8780-D0C5CA847F26}.Debug|Any CPU.Build.0 = Debug|Any CPU
		{16C7B307-D08D-459D-8780-D0C5CA847F26}.Release|Any CPU.ActiveCfg = Release|Any CPU
		{16C7B307-D08D-459D-8780-D0C5CA847F26}.Release|Any CPU.Build.0 = Release|Any CPU
	EndGlobalSection
	GlobalSection(SolutionProperties) = preSolution
		HideSolutionNode = FALSE
	EndGlobalSection
EndGlobal
